lockfileVersion: 5.3

specifiers:
  '@sane-fmt/wasm32-wasi': ^0.11.0
  typescript: ~4.6.0
  typescript-compare: ^0.0.2

dependencies:
  typescript-compare: 0.0.2

devDependencies:
  '@sane-fmt/wasm32-wasi': 0.11.0
  typescript: 4.6.2

packages:

  /@sane-fmt/wasm32-wasi/0.11.0:
    resolution: {integrity: sha512-+NjPP1XqM+FjE+2KRYZ2gR52K9QcXAARDUcctHQUtZJTdJ8TjtGM1zTJfM6DW9luI8Kg67Ha+PmGr37dRBhRFg==}
    engines: {node: '>= 14.0.0'}
    hasBin: true
    dependencies:
      '@types/node': 14.17.5
      '@wasmer/wasi': 0.12.0
      tslib: 2.0.0
    dev: true

  /@types/node/14.17.5:
    resolution: {integrity: sha512-bjqH2cX/O33jXT/UmReo2pM7DIJREPMnarixbQ57DOOzzFaI6D2+IcwaJQaJpv0M1E9TIhPCYVxrkcityLjlqA==}
    dev: true

  /@wasmer/wasi/0.12.0:
    resolution: {integrity: sha512-FJhLZKAfLWm/yjQI7eCRHNbA8ezmb7LSpUYFkHruZXs2mXk2+DaQtSElEtOoNrVQ4vApTyVaAd5/b7uEu8w6wQ==}
    dependencies:
      browser-process-hrtime: 1.0.0
      buffer-es6: 4.9.3
      path-browserify: 1.0.1
      randomfill: 1.0.4
    dev: true

  /browser-process-hrtime/1.0.0:
    resolution: {integrity: sha512-9o5UecI3GhkpM6DrXr69PblIuWxPKk9Y0jHBRhdocZ2y7YECBFCsHm79Pr3OyR2AvjhDkabFJaDJMYRazHgsow==}
    dev: true

  /buffer-es6/4.9.3:
    resolution: {integrity: sha1-8mNHuC33b9N+GLy1KIxJcM/VxAQ=}
    dev: true

  /path-browserify/1.0.1:
    resolution: {integrity: sha512-b7uo2UCUOYZcnF/3ID0lulOJi/bafxa1xPe7ZPsammBSpjSWQkjNxlt635YGS2MiR9GjvuXCtz2emr3jbsz98g==}
    dev: true

  /randombytes/2.1.0:
    resolution: {integrity: sha512-vYl3iOX+4CKUWuxGi9Ukhie6fsqXqS9FE2Zaic4tNFD2N2QQaXOMFbuKK4QmDHC0JO6B1Zp41J0LpT0oR68amQ==}
    dependencies:
      safe-buffer: 5.2.1
    dev: true

  /randomfill/1.0.4:
    resolution: {integrity: sha512-87lcbR8+MhcWcUiQ+9e+Rwx8MyR2P7qnt15ynUlbm3TU/fjbgz4GsvfSUDTemtCCtVCqb4ZcEFlyPNTh9bBTLw==}
    dependencies:
      randombytes: 2.1.0
      safe-buffer: 5.2.1
    dev: true

  /safe-buffer/5.2.1:
    resolution: {integrity: sha512-rp3So07KcdmmKbGvgaNxQSJr7bGVSVk5S9Eq1F+ppbRo70+YeaDxkw5Dd8NPN+GD6bjnYm2VuPuCXmpuYvmCXQ==}
    dev: true

  /tslib/2.0.0:
    resolution: {integrity: sha512-lTqkx847PI7xEDYJntxZH89L2/aXInsyF2luSafe/+0fHOMjlBNXdH6th7f70qxLDhul7KZK0zC8V5ZIyHl0/g==}
    dev: true

  /typescript-compare/0.0.2:
    resolution: {integrity: sha512-8ja4j7pMHkfLJQO2/8tut7ub+J3Lw2S3061eJLFQcvs3tsmJKp8KG5NtpLn7KcY2w08edF74BSVN7qJS0U6oHA==}
    dependencies:
      typescript-logic: 0.0.0
    dev: false

  /typescript-logic/0.0.0:
    resolution: {integrity: sha512-zXFars5LUkI3zP492ls0VskH3TtdeHCqu0i7/duGt60i5IGPIpAHE/DWo5FqJ6EjQ15YKXrt+AETjv60Dat34Q==}
    dev: false

  /typescript/4.6.2:
    resolution: {integrity: sha512-HM/hFigTBHZhLXshn9sN37H085+hQGeJHJ/X7LpBWLID/fbc2acUMfU+lGD98X81sKP+pFa9f0DZmCwB9GnbAg==}
    engines: {node: '>=4.2.0'}
    hasBin: true
    dev: true
